
Microsoft Visual Studio Solution File, Format Version 12.00
# Visual Studio Version 16
VisualStudioVersion = 16.0.29209.62
MinimumVisualStudioVersion = 10.0.40219.1
Project("{FAE04EC0-301F-11D3-BF4B-00C04F79EFBC}") = "if_else", "if_else\if_else.csproj", "{06FE1D81-F1BE-47F1-96DC-3EA009FCB628}"
EndProject
Global
	GlobalSection(SolutionConfigurationPlatforms) = preSolution
		Debug|Any CPU = Debug|Any CPU
		Release|Any CPU = Release|Any CPU
	EndGlobalSection
	GlobalSection(ProjectConfigurationPlatforms) = postSolution
		{06FE1D81-F1BE-47F1-96DC-3EA009FCB628}.Debug|Any CPU.ActiveCfg = Debug|Any CPU
		{06FE1D81-F1BE-47F1-96DC-3EA009FCB628}.Debug|Any CPU.Build.0 = Debug|Any CPU
		{06FE1D81-F1BE-47F1-96DC-3EA009FCB628}.Release|Any CPU.ActiveCfg = Release|Any CPU
		{06FE1D81-F1BE-47F1-96DC-3EA009FCB628}.Release|Any CPU.Build.0 = Release|Any CPU
	EndGlobalSection
	GlobalSection(SolutionProperties) = preSolution
		HideSolutionNode = FALSE
	EndGlobalSection
	GlobalSection(ExtensibilityGlobals) = postSolution
		SolutionGuid = {3BA08D96-0AC8-4B81-ACD5-2A22C4B461DD}
	EndGlobalSection
EndGlobal
