
Microsoft Visual Studio Solution File, Format Version 12.00
# Visual Studio Version 16
VisualStudioVersion = 16.0.29209.62
MinimumVisualStudioVersion = 10.0.40219.1
Project("{FAE04EC0-301F-11D3-BF4B-00C04F79EFBC}") = "Saida_de_Dados", "Saida_de_Dados\Saida_de_Dados.csproj", "{BA6C5F07-74D8-4C52-90AC-62B1FE19839F}"
EndProject
Global
	GlobalSection(SolutionConfigurationPlatforms) = preSolution
		Debug|Any CPU = Debug|Any CPU
		Release|Any CPU = Release|Any CPU
	EndGlobalSection
	GlobalSection(ProjectConfigurationPlatforms) = postSolution
		{BA6C5F07-74D8-4C52-90AC-62B1FE19839F}.Debug|Any CPU.ActiveCfg = Debug|Any CPU
		{BA6C5F07-74D8-4C52-90AC-62B1FE19839F}.Debug|Any CPU.Build.0 = Debug|Any CPU
		{BA6C5F07-74D8-4C52-90AC-62B1FE19839F}.Release|Any CPU.ActiveCfg = Release|Any CPU
		{BA6C5F07-74D8-4C52-90AC-62B1FE19839F}.Release|Any CPU.Build.0 = Release|Any CPU
	EndGlobalSection
	GlobalSection(SolutionProperties) = preSolution
		HideSolutionNode = FALSE
	EndGlobalSection
	GlobalSection(ExtensibilityGlobals) = postSolution
		SolutionGuid = {6AAA06D3-F9BB-45D3-9601-435FAF9F1469}
	EndGlobalSection
EndGlobal
